// !$*UTF8*$!
{
	archiveVersion = 1;
	classes = {
	};
	objectVersion = 50;
	objects = {

/* Begin PBXBuildFile section */
		D461189A26B5B75100D2EF81 /* ListenAndAnswerVC.storyboard in Resources */ = {isa = PBXBuildFile; fileRef = D461189926B5B75100D2EF81 /* ListenAndAnswerVC.storyboard */; };
		D4A5629C26B751BD00160CBC /* Bicycle riding.m4a in Resources */ = {isa = PBXBuildFile; fileRef = D4A5628526B751BC00160CBC /* Bicycle riding.m4a */; };
		D4A5629D26B751BD00160CBC /* Bear.m4a in Resources */ = {isa = PBXBuildFile; fileRef = D4A5628626B751BC00160CBC /* Bear.m4a */; };
		D4A5629E26B751BD00160CBC /* Santa.m4a in Resources */ = {isa = PBXBuildFile; fileRef = D4A5628726B751BC00160CBC /* Santa.m4a */; };
		D4A5629F26B751BD00160CBC /* Fox.m4a in Resources */ = {isa = PBXBuildFile; fileRef = D4A5628826B751BC00160CBC /* Fox.m4a */; };
		D4A562A026B751BD00160CBC /* Boxing.m4a in Resources */ = {isa = PBXBuildFile; fileRef = D4A5628926B751BC00160CBC /* Boxing.m4a */; };
		D4A562A126B751BD00160CBC /* Programmer.m4a in Resources */ = {isa = PBXBuildFile; fileRef = D4A5628A26B751BC00160CBC /* Programmer.m4a */; };
		D4A562A226B751BD00160CBC /* Table tennis.m4a in Resources */ = {isa = PBXBuildFile; fileRef = D4A5628B26B751BC00160CBC /* Table tennis.m4a */; };
		D4A562A326B751BD00160CBC /* Builder.m4a in Resources */ = {isa = PBXBuildFile; fileRef = D4A5628C26B751BC00160CBC /* Builder.m4a */; };
		D4A562A426B751BD00160CBC /* Basketball.m4a in Resources */ = {isa = PBXBuildFile; fileRef = D4A5628D26B751BC00160CBC /* Basketball.m4a */; };
		D4A562A526B751BD00160CBC /* Listen to music.m4a in Resources */ = {isa = PBXBuildFile; fileRef = D4A5628E26B751BD00160CBC /* Listen to music.m4a */; };
		D4A562A626B751BD00160CBC /* Cat.m4a in Resources */ = {isa = PBXBuildFile; fileRef = D4A5628F26B751BD00160CBC /* Cat.m4a */; };
		D4A562A726B751BD00160CBC /* Reading of books.m4a in Resources */ = {isa = PBXBuildFile; fileRef = D4A5629026B751BD00160CBC /* Reading of books.m4a */; };
		D4A562A826B751BD00160CBC /* Rabbit.m4a in Resources */ = {isa = PBXBuildFile; fileRef = D4A5629126B751BD00160CBC /* Rabbit.m4a */; };
		D4A562A926B751BD00160CBC /* Swimming.m4a in Resources */ = {isa = PBXBuildFile; fileRef = D4A5629226B751BD00160CBC /* Swimming.m4a */; };
		D4A562AA26B751BD00160CBC /* Doctor.m4a in Resources */ = {isa = PBXBuildFile; fileRef = D4A5629326B751BD00160CBC /* Doctor.m4a */; };
		D4A562AB26B751BD00160CBC /* Drawing.m4a in Resources */ = {isa = PBXBuildFile; fileRef = D4A5629426B751BD00160CBC /* Drawing.m4a */; };
		D4A562AC26B751BD00160CBC /* Policeman.m4a in Resources */ = {isa = PBXBuildFile; fileRef = D4A5629526B751BD00160CBC /* Policeman.m4a */; };
		D4A562AD26B751BD00160CBC /* Playing guitar.m4a in Resources */ = {isa = PBXBuildFile; fileRef = D4A5629626B751BD00160CBC /* Playing guitar.m4a */; };
		D4A562AE26B751BD00160CBC /* Mouse.m4a in Resources */ = {isa = PBXBuildFile; fileRef = D4A5629726B751BD00160CBC /* Mouse.m4a */; };
		D4A562AF26B751BD00160CBC /* Cook.m4a in Resources */ = {isa = PBXBuildFile; fileRef = D4A5629826B751BD00160CBC /* Cook.m4a */; };
		D4A562B026B751BD00160CBC /* Singing.m4a in Resources */ = {isa = PBXBuildFile; fileRef = D4A5629926B751BD00160CBC /* Singing.m4a */; };
		D4A562B126B751BD00160CBC /* Dog.m4a in Resources */ = {isa = PBXBuildFile; fileRef = D4A5629A26B751BD00160CBC /* Dog.m4a */; };
		D4A562B226B751BD00160CBC /* Volleyball.m4a in Resources */ = {isa = PBXBuildFile; fileRef = D4A5629B26B751BD00160CBC /* Volleyball.m4a */; };
		D4A562B426B7521600160CBC /* Football.m4a in Resources */ = {isa = PBXBuildFile; fileRef = D4A562B326B7521600160CBC /* Football.m4a */; };
		D4CC379B26B708EF00EDBE8A /* ListenAndAnswerViewController.swift in Sources */ = {isa = PBXBuildFile; fileRef = D4CC379A26B708EF00EDBE8A /* ListenAndAnswerViewController.swift */; };
		FA933F4E26B52AE70073403E /* AppDelegate.swift in Sources */ = {isa = PBXBuildFile; fileRef = FA933F4D26B52AE70073403E /* AppDelegate.swift */; };
		FA933F5026B52AE70073403E /* SceneDelegate.swift in Sources */ = {isa = PBXBuildFile; fileRef = FA933F4F26B52AE70073403E /* SceneDelegate.swift */; };
		FA933F5226B52AE70073403E /* ViewController.swift in Sources */ = {isa = PBXBuildFile; fileRef = FA933F5126B52AE70073403E /* ViewController.swift */; };
		FA933F5526B52AE70073403E /* Main.storyboard in Resources */ = {isa = PBXBuildFile; fileRef = FA933F5326B52AE70073403E /* Main.storyboard */; };
		FA933F5726B52AE80073403E /* Assets.xcassets in Resources */ = {isa = PBXBuildFile; fileRef = FA933F5626B52AE80073403E /* Assets.xcassets */; };
		FA933F5A26B52AE80073403E /* LaunchScreen.storyboard in Resources */ = {isa = PBXBuildFile; fileRef = FA933F5826B52AE80073403E /* LaunchScreen.storyboard */; };
		FA933F6326B538550073403E /* Category.swift in Sources */ = {isa = PBXBuildFile; fileRef = FA933F6226B538550073403E /* Category.swift */; };
		FA933F6526B538D70073403E /* Word.swift in Sources */ = {isa = PBXBuildFile; fileRef = FA933F6426B538D70073403E /* Word.swift */; };
		FA933F6726B53A050073403E /* LearningType.swift in Sources */ = {isa = PBXBuildFile; fileRef = FA933F6626B53A050073403E /* LearningType.swift */; };
		FA933F6B26B53BCA0073403E /* DataManager.swift in Sources */ = {isa = PBXBuildFile; fileRef = FA933F6A26B53BCA0073403E /* DataManager.swift */; };
/* End PBXBuildFile section */

/* Begin PBXFileReference section */
		D461189926B5B75100D2EF81 /* ListenAndAnswerVC.storyboard */ = {isa = PBXFileReference; lastKnownFileType = file.storyboard; path = ListenAndAnswerVC.storyboard; sourceTree = "<group>"; };
		D4A5628526B751BC00160CBC /* Bicycle riding.m4a */ = {isa = PBXFileReference; lastKnownFileType = file; path = "Bicycle riding.m4a"; sourceTree = "<group>"; };
		D4A5628626B751BC00160CBC /* Bear.m4a */ = {isa = PBXFileReference; lastKnownFileType = file; path = Bear.m4a; sourceTree = "<group>"; };
		D4A5628726B751BC00160CBC /* Santa.m4a */ = {isa = PBXFileReference; lastKnownFileType = file; path = Santa.m4a; sourceTree = "<group>"; };
		D4A5628826B751BC00160CBC /* Fox.m4a */ = {isa = PBXFileReference; lastKnownFileType = file; path = Fox.m4a; sourceTree = "<group>"; };
		D4A5628926B751BC00160CBC /* Boxing.m4a */ = {isa = PBXFileReference; lastKnownFileType = file; path = Boxing.m4a; sourceTree = "<group>"; };
		D4A5628A26B751BC00160CBC /* Programmer.m4a */ = {isa = PBXFileReference; lastKnownFileType = file; path = Programmer.m4a; sourceTree = "<group>"; };
		D4A5628B26B751BC00160CBC /* Table tennis.m4a */ = {isa = PBXFileReference; lastKnownFileType = file; path = "Table tennis.m4a"; sourceTree = "<group>"; };
		D4A5628C26B751BC00160CBC /* Builder.m4a */ = {isa = PBXFileReference; lastKnownFileType = file; path = Builder.m4a; sourceTree = "<group>"; };
		D4A5628D26B751BC00160CBC /* Basketball.m4a */ = {isa = PBXFileReference; lastKnownFileType = file; path = Basketball.m4a; sourceTree = "<group>"; };
		D4A5628E26B751BD00160CBC /* Listen to music.m4a */ = {isa = PBXFileReference; lastKnownFileType = file; path = "Listen to music.m4a"; sourceTree = "<group>"; };
		D4A5628F26B751BD00160CBC /* Cat.m4a */ = {isa = PBXFileReference; lastKnownFileType = file; path = Cat.m4a; sourceTree = "<group>"; };
		D4A5629026B751BD00160CBC /* Reading of books.m4a */ = {isa = PBXFileReference; lastKnownFileType = file; path = "Reading of books.m4a"; sourceTree = "<group>"; };
		D4A5629126B751BD00160CBC /* Rabbit.m4a */ = {isa = PBXFileReference; lastKnownFileType = file; path = Rabbit.m4a; sourceTree = "<group>"; };
		D4A5629226B751BD00160CBC /* Swimming.m4a */ = {isa = PBXFileReference; lastKnownFileType = file; path = Swimming.m4a; sourceTree = "<group>"; };
		D4A5629326B751BD00160CBC /* Doctor.m4a */ = {isa = PBXFileReference; lastKnownFileType = file; path = Doctor.m4a; sourceTree = "<group>"; };
		D4A5629426B751BD00160CBC /* Drawing.m4a */ = {isa = PBXFileReference; lastKnownFileType = file; path = Drawing.m4a; sourceTree = "<group>"; };
		D4A5629526B751BD00160CBC /* Policeman.m4a */ = {isa = PBXFileReference; lastKnownFileType = file; path = Policeman.m4a; sourceTree = "<group>"; };
		D4A5629626B751BD00160CBC /* Playing guitar.m4a */ = {isa = PBXFileReference; lastKnownFileType = file; path = "Playing guitar.m4a"; sourceTree = "<group>"; };
		D4A5629726B751BD00160CBC /* Mouse.m4a */ = {isa = PBXFileReference; lastKnownFileType = file; path = Mouse.m4a; sourceTree = "<group>"; };
		D4A5629826B751BD00160CBC /* Cook.m4a */ = {isa = PBXFileReference; lastKnownFileType = file; path = Cook.m4a; sourceTree = "<group>"; };
		D4A5629926B751BD00160CBC /* Singing.m4a */ = {isa = PBXFileReference; lastKnownFileType = file; path = Singing.m4a; sourceTree = "<group>"; };
		D4A5629A26B751BD00160CBC /* Dog.m4a */ = {isa = PBXFileReference; lastKnownFileType = file; path = Dog.m4a; sourceTree = "<group>"; };
		D4A5629B26B751BD00160CBC /* Volleyball.m4a */ = {isa = PBXFileReference; lastKnownFileType = file; path = Volleyball.m4a; sourceTree = "<group>"; };
		D4A562B326B7521600160CBC /* Football.m4a */ = {isa = PBXFileReference; lastKnownFileType = file; path = Football.m4a; sourceTree = "<group>"; };
		D4CC379A26B708EF00EDBE8A /* ListenAndAnswerViewController.swift */ = {isa = PBXFileReference; lastKnownFileType = sourcecode.swift; path = ListenAndAnswerViewController.swift; sourceTree = "<group>"; };
		FA933F4A26B52AE70073403E /* EnglishBook.app */ = {isa = PBXFileReference; explicitFileType = wrapper.application; includeInIndex = 0; path = EnglishBook.app; sourceTree = BUILT_PRODUCTS_DIR; };
		FA933F4D26B52AE70073403E /* AppDelegate.swift */ = {isa = PBXFileReference; lastKnownFileType = sourcecode.swift; path = AppDelegate.swift; sourceTree = "<group>"; };
		FA933F4F26B52AE70073403E /* SceneDelegate.swift */ = {isa = PBXFileReference; lastKnownFileType = sourcecode.swift; path = SceneDelegate.swift; sourceTree = "<group>"; };
		FA933F5126B52AE70073403E /* ViewController.swift */ = {isa = PBXFileReference; lastKnownFileType = sourcecode.swift; path = ViewController.swift; sourceTree = "<group>"; };
		FA933F5426B52AE70073403E /* Base */ = {isa = PBXFileReference; lastKnownFileType = file.storyboard; name = Base; path = Base.lproj/Main.storyboard; sourceTree = "<group>"; };
		FA933F5626B52AE80073403E /* Assets.xcassets */ = {isa = PBXFileReference; lastKnownFileType = folder.assetcatalog; path = Assets.xcassets; sourceTree = "<group>"; };
		FA933F5926B52AE80073403E /* Base */ = {isa = PBXFileReference; lastKnownFileType = file.storyboard; name = Base; path = Base.lproj/LaunchScreen.storyboard; sourceTree = "<group>"; };
		FA933F5B26B52AE80073403E /* Info.plist */ = {isa = PBXFileReference; lastKnownFileType = text.plist.xml; path = Info.plist; sourceTree = "<group>"; };
		FA933F6226B538550073403E /* Category.swift */ = {isa = PBXFileReference; lastKnownFileType = sourcecode.swift; path = Category.swift; sourceTree = "<group>"; };
		FA933F6426B538D70073403E /* Word.swift */ = {isa = PBXFileReference; lastKnownFileType = sourcecode.swift; path = Word.swift; sourceTree = "<group>"; };
		FA933F6626B53A050073403E /* LearningType.swift */ = {isa = PBXFileReference; lastKnownFileType = sourcecode.swift; path = LearningType.swift; sourceTree = "<group>"; };
		FA933F6A26B53BCA0073403E /* DataManager.swift */ = {isa = PBXFileReference; lastKnownFileType = sourcecode.swift; path = DataManager.swift; sourceTree = "<group>"; };
/* End PBXFileReference section */

/* Begin PBXFrameworksBuildPhase section */
		FA933F4726B52AE70073403E /* Frameworks */ = {
			isa = PBXFrameworksBuildPhase;
			buildActionMask = 2147483647;
			files = (
			);
			runOnlyForDeploymentPostprocessing = 0;
		};
/* End PBXFrameworksBuildPhase section */

/* Begin PBXGroup section */
		D4BF9EF626B73F3000C60E7E /* Sounds */ = {
			isa = PBXGroup;
			children = (
				D4A5628D26B751BC00160CBC /* Basketball.m4a */,
				D4A5628626B751BC00160CBC /* Bear.m4a */,
				D4A5629A26B751BD00160CBC /* Dog.m4a */,
				D4A5629726B751BD00160CBC /* Mouse.m4a */,
				D4A5629126B751BD00160CBC /* Rabbit.m4a */,
				D4A5628926B751BC00160CBC /* Boxing.m4a */,
				D4A5628C26B751BC00160CBC /* Builder.m4a */,
				D4A5628F26B751BD00160CBC /* Cat.m4a */,
				D4A562B326B7521600160CBC /* Football.m4a */,
				D4A5629826B751BD00160CBC /* Cook.m4a */,
				D4A5629326B751BD00160CBC /* Doctor.m4a */,
				D4A5629426B751BD00160CBC /* Drawing.m4a */,
				D4A5629626B751BD00160CBC /* Playing guitar.m4a */,
				D4A5628E26B751BD00160CBC /* Listen to music.m4a */,
				D4A5629526B751BD00160CBC /* Policeman.m4a */,
				D4A5628826B751BC00160CBC /* Fox.m4a */,
				D4A5628A26B751BC00160CBC /* Programmer.m4a */,
				D4A5629026B751BD00160CBC /* Reading of books.m4a */,
				D4A5628526B751BC00160CBC /* Bicycle riding.m4a */,
				D4A5628726B751BC00160CBC /* Santa.m4a */,
				D4A5629926B751BD00160CBC /* Singing.m4a */,
				D4A5629226B751BD00160CBC /* Swimming.m4a */,
				D4A5628B26B751BC00160CBC /* Table tennis.m4a */,
				D4A5629B26B751BD00160CBC /* Volleyball.m4a */,
			);
			path = Sounds;
			sourceTree = "<group>";
		};
		FA933F4126B52AE70073403E = {
			isa = PBXGroup;
			children = (
				FA933F4C26B52AE70073403E /* EnglishBook */,
				FA933F4B26B52AE70073403E /* Products */,
			);
			sourceTree = "<group>";
		};
		FA933F4B26B52AE70073403E /* Products */ = {
			isa = PBXGroup;
			children = (
				FA933F4A26B52AE70073403E /* EnglishBook.app */,
			);
			name = Products;
			sourceTree = "<group>";
		};
		FA933F4C26B52AE70073403E /* EnglishBook */ = {
			isa = PBXGroup;
			children = (
				FA933F6926B53BB00073403E /* Controllers */,
				FA933F6826B53B870073403E /* Views */,
				FA933F6126B538420073403E /* Models */,
				FA933F4D26B52AE70073403E /* AppDelegate.swift */,
				FA933F4F26B52AE70073403E /* SceneDelegate.swift */,
				FA933F5626B52AE80073403E /* Assets.xcassets */,
				FA933F5B26B52AE80073403E /* Info.plist */,
				D4BF9EF626B73F3000C60E7E /* Sounds */,
				FA933F6A26B53BCA0073403E /* DataManager.swift */,
			);
			path = EnglishBook;
			sourceTree = "<group>";
		};
		FA933F6126B538420073403E /* Models */ = {
			isa = PBXGroup;
			children = (
				FA933F6226B538550073403E /* Category.swift */,
				FA933F6426B538D70073403E /* Word.swift */,
				FA933F6626B53A050073403E /* LearningType.swift */,
			);
			path = Models;
			sourceTree = "<group>";
		};
		FA933F6826B53B870073403E /* Views */ = {
			isa = PBXGroup;
			children = (
				FA933F5326B52AE70073403E /* Main.storyboard */,
				FA933F5826B52AE80073403E /* LaunchScreen.storyboard */,
				D461189926B5B75100D2EF81 /* ListenAndAnswerVC.storyboard */,
			);
			path = Views;
			sourceTree = "<group>";
		};
		FA933F6926B53BB00073403E /* Controllers */ = {
			isa = PBXGroup;
			children = (
				D4CC379A26B708EF00EDBE8A /* ListenAndAnswerViewController.swift */,
				FA933F5126B52AE70073403E /* ViewController.swift */,
			);
			path = Controllers;
			sourceTree = "<group>";
		};
/* End PBXGroup section */

/* Begin PBXNativeTarget section */
		FA933F4926B52AE70073403E /* EnglishBook */ = {
			isa = PBXNativeTarget;
			buildConfigurationList = FA933F5E26B52AE80073403E /* Build configuration list for PBXNativeTarget "EnglishBook" */;
			buildPhases = (
				FA933F4626B52AE70073403E /* Sources */,
				FA933F4726B52AE70073403E /* Frameworks */,
				FA933F4826B52AE70073403E /* Resources */,
			);
			buildRules = (
			);
			dependencies = (
			);
			name = EnglishBook;
			productName = EnglishBook;
			productReference = FA933F4A26B52AE70073403E /* EnglishBook.app */;
			productType = "com.apple.product-type.application";
		};
/* End PBXNativeTarget section */

/* Begin PBXProject section */
		FA933F4226B52AE70073403E /* Project object */ = {
			isa = PBXProject;
			attributes = {
				LastSwiftUpdateCheck = 1250;
				LastUpgradeCheck = 1250;
				TargetAttributes = {
					FA933F4926B52AE70073403E = {
						CreatedOnToolsVersion = 12.5.1;
					};
				};
			};
			buildConfigurationList = FA933F4526B52AE70073403E /* Build configuration list for PBXProject "EnglishBook" */;
			compatibilityVersion = "Xcode 9.3";
			developmentRegion = en;
			hasScannedForEncodings = 0;
			knownRegions = (
				en,
				Base,
			);
			mainGroup = FA933F4126B52AE70073403E;
			productRefGroup = FA933F4B26B52AE70073403E /* Products */;
			projectDirPath = "";
			projectRoot = "";
			targets = (
				FA933F4926B52AE70073403E /* EnglishBook */,
			);
		};
/* End PBXProject section */

/* Begin PBXResourcesBuildPhase section */
		FA933F4826B52AE70073403E /* Resources */ = {
			isa = PBXResourcesBuildPhase;
			buildActionMask = 2147483647;
			files = (
				D4A562A726B751BD00160CBC /* Reading of books.m4a in Resources */,
				D4A562A526B751BD00160CBC /* Listen to music.m4a in Resources */,
				D4A562AE26B751BD00160CBC /* Mouse.m4a in Resources */,
				D4A562B426B7521600160CBC /* Football.m4a in Resources */,
				D4A562A426B751BD00160CBC /* Basketball.m4a in Resources */,
				D4A562A326B751BD00160CBC /* Builder.m4a in Resources */,
				D4A562A926B751BD00160CBC /* Swimming.m4a in Resources */,
				D4A5629F26B751BD00160CBC /* Fox.m4a in Resources */,
				FA933F5A26B52AE80073403E /* LaunchScreen.storyboard in Resources */,
				D4A562B126B751BD00160CBC /* Dog.m4a in Resources */,
				D4A5629E26B751BD00160CBC /* Santa.m4a in Resources */,
				D4A562A026B751BD00160CBC /* Boxing.m4a in Resources */,
				D4A562AB26B751BD00160CBC /* Drawing.m4a in Resources */,
				D461189A26B5B75100D2EF81 /* ListenAndAnswerVC.storyboard in Resources */,
				D4A562AF26B751BD00160CBC /* Cook.m4a in Resources */,
				D4A562AC26B751BD00160CBC /* Policeman.m4a in Resources */,
				D4A562A126B751BD00160CBC /* Programmer.m4a in Resources */,
				D4A562AA26B751BD00160CBC /* Doctor.m4a in Resources */,
				FA933F5726B52AE80073403E /* Assets.xcassets in Resources */,
				D4A562A626B751BD00160CBC /* Cat.m4a in Resources */,
				D4A5629D26B751BD00160CBC /* Bear.m4a in Resources */,
				D4A562AD26B751BD00160CBC /* Playing guitar.m4a in Resources */,
				D4A562A226B751BD00160CBC /* Table tennis.m4a in Resources */,
				D4A562B226B751BD00160CBC /* Volleyball.m4a in Resources */,
				D4A562B026B751BD00160CBC /* Singing.m4a in Resources */,
				FA933F5526B52AE70073403E /* Main.storyboard in Resources */,
				D4A562A826B751BD00160CBC /* Rabbit.m4a in Resources */,
				D4A5629C26B751BD00160CBC /* Bicycle riding.m4a in Resources */,
			);
			runOnlyForDeploymentPostprocessing = 0;
		};
/* End PBXResourcesBuildPhase section */

/* Begin PBXSourcesBuildPhase section */
		FA933F4626B52AE70073403E /* Sources */ = {
			isa = PBXSourcesBuildPhase;
			buildActionMask = 2147483647;
			files = (
				FA933F5226B52AE70073403E /* ViewController.swift in Sources */,
				FA933F6726B53A050073403E /* LearningType.swift in Sources */,
				FA933F4E26B52AE70073403E /* AppDelegate.swift in Sources */,
				FA933F6B26B53BCA0073403E /* DataManager.swift in Sources */,
				FA933F6526B538D70073403E /* Word.swift in Sources */,
				FA933F5026B52AE70073403E /* SceneDelegate.swift in Sources */,
				FA933F6326B538550073403E /* Category.swift in Sources */,
				D4CC379B26B708EF00EDBE8A /* ListenAndAnswerViewController.swift in Sources */,
			);
			runOnlyForDeploymentPostprocessing = 0;
		};
/* End PBXSourcesBuildPhase section */

/* Begin PBXVariantGroup section */
		FA933F5326B52AE70073403E /* Main.storyboard */ = {
			isa = PBXVariantGroup;
			children = (
				FA933F5426B52AE70073403E /* Base */,
			);
			name = Main.storyboard;
			sourceTree = "<group>";
		};
		FA933F5826B52AE80073403E /* LaunchScreen.storyboard */ = {
			isa = PBXVariantGroup;
			children = (
				FA933F5926B52AE80073403E /* Base */,
			);
			name = LaunchScreen.storyboard;
			sourceTree = "<group>";
		};
/* End PBXVariantGroup section */

/* Begin XCBuildConfiguration section */
		FA933F5C26B52AE80073403E /* Debug */ = {
			isa = XCBuildConfiguration;
			buildSettings = {
				ALWAYS_SEARCH_USER_PATHS = NO;
				CLANG_ANALYZER_NONNULL = YES;
				CLANG_ANALYZER_NUMBER_OBJECT_CONVERSION = YES_AGGRESSIVE;
				CLANG_CXX_LANGUAGE_STANDARD = "gnu++14";
				CLANG_CXX_LIBRARY = "libc++";
				CLANG_ENABLE_MODULES = YES;
				CLANG_ENABLE_OBJC_ARC = YES;
				CLANG_ENABLE_OBJC_WEAK = YES;
				CLANG_WARN_BLOCK_CAPTURE_AUTORELEASING = YES;
				CLANG_WARN_BOOL_CONVERSION = YES;
				CLANG_WARN_COMMA = YES;
				CLANG_WARN_CONSTANT_CONVERSION = YES;
				CLANG_WARN_DEPRECATED_OBJC_IMPLEMENTATIONS = YES;
				CLANG_WARN_DIRECT_OBJC_ISA_USAGE = YES_ERROR;
				CLANG_WARN_DOCUMENTATION_COMMENTS = YES;
				CLANG_WARN_EMPTY_BODY = YES;
				CLANG_WARN_ENUM_CONVERSION = YES;
				CLANG_WARN_INFINITE_RECURSION = YES;
				CLANG_WARN_INT_CONVERSION = YES;
				CLANG_WARN_NON_LITERAL_NULL_CONVERSION = YES;
				CLANG_WARN_OBJC_IMPLICIT_RETAIN_SELF = YES;
				CLANG_WARN_OBJC_LITERAL_CONVERSION = YES;
				CLANG_WARN_OBJC_ROOT_CLASS = YES_ERROR;
				CLANG_WARN_QUOTED_INCLUDE_IN_FRAMEWORK_HEADER = YES;
				CLANG_WARN_RANGE_LOOP_ANALYSIS = YES;
				CLANG_WARN_STRICT_PROTOTYPES = YES;
				CLANG_WARN_SUSPICIOUS_MOVE = YES;
				CLANG_WARN_UNGUARDED_AVAILABILITY = YES_AGGRESSIVE;
				CLANG_WARN_UNREACHABLE_CODE = YES;
				CLANG_WARN__DUPLICATE_METHOD_MATCH = YES;
				COPY_PHASE_STRIP = NO;
				DEBUG_INFORMATION_FORMAT = dwarf;
				ENABLE_STRICT_OBJC_MSGSEND = YES;
				ENABLE_TESTABILITY = YES;
				GCC_C_LANGUAGE_STANDARD = gnu11;
				GCC_DYNAMIC_NO_PIC = NO;
				GCC_NO_COMMON_BLOCKS = YES;
				GCC_OPTIMIZATION_LEVEL = 0;
				GCC_PREPROCESSOR_DEFINITIONS = (
					"DEBUG=1",
					"$(inherited)",
				);
				GCC_WARN_64_TO_32_BIT_CONVERSION = YES;
				GCC_WARN_ABOUT_RETURN_TYPE = YES_ERROR;
				GCC_WARN_UNDECLARED_SELECTOR = YES;
				GCC_WARN_UNINITIALIZED_AUTOS = YES_AGGRESSIVE;
				GCC_WARN_UNUSED_FUNCTION = YES;
				GCC_WARN_UNUSED_VARIABLE = YES;
				IPHONEOS_DEPLOYMENT_TARGET = 14.5;
				MTL_ENABLE_DEBUG_INFO = INCLUDE_SOURCE;
				MTL_FAST_MATH = YES;
				ONLY_ACTIVE_ARCH = YES;
				SDKROOT = iphoneos;
				SWIFT_ACTIVE_COMPILATION_CONDITIONS = DEBUG;
				SWIFT_OPTIMIZATION_LEVEL = "-Onone";
			};
			name = Debug;
		};
		FA933F5D26B52AE80073403E /* Release */ = {
			isa = XCBuildConfiguration;
			buildSettings = {
				ALWAYS_SEARCH_USER_PATHS = NO;
				CLANG_ANALYZER_NONNULL = YES;
				CLANG_ANALYZER_NUMBER_OBJECT_CONVERSION = YES_AGGRESSIVE;
				CLANG_CXX_LANGUAGE_STANDARD = "gnu++14";
				CLANG_CXX_LIBRARY = "libc++";
				CLANG_ENABLE_MODULES = YES;
				CLANG_ENABLE_OBJC_ARC = YES;
				CLANG_ENABLE_OBJC_WEAK = YES;
				CLANG_WARN_BLOCK_CAPTURE_AUTORELEASING = YES;
				CLANG_WARN_BOOL_CONVERSION = YES;
				CLANG_WARN_COMMA = YES;
				CLANG_WARN_CONSTANT_CONVERSION = YES;
				CLANG_WARN_DEPRECATED_OBJC_IMPLEMENTATIONS = YES;
				CLANG_WARN_DIRECT_OBJC_ISA_USAGE = YES_ERROR;
				CLANG_WARN_DOCUMENTATION_COMMENTS = YES;
				CLANG_WARN_EMPTY_BODY = YES;
				CLANG_WARN_ENUM_CONVERSION = YES;
				CLANG_WARN_INFINITE_RECURSION = YES;
				CLANG_WARN_INT_CONVERSION = YES;
				CLANG_WARN_NON_LITERAL_NULL_CONVERSION = YES;
				CLANG_WARN_OBJC_IMPLICIT_RETAIN_SELF = YES;
				CLANG_WARN_OBJC_LITERAL_CONVERSION = YES;
				CLANG_WARN_OBJC_ROOT_CLASS = YES_ERROR;
				CLANG_WARN_QUOTED_INCLUDE_IN_FRAMEWORK_HEADER = YES;
				CLANG_WARN_RANGE_LOOP_ANALYSIS = YES;
				CLANG_WARN_STRICT_PROTOTYPES = YES;
				CLANG_WARN_SUSPICIOUS_MOVE = YES;
				CLANG_WARN_UNGUARDED_AVAILABILITY = YES_AGGRESSIVE;
				CLANG_WARN_UNREACHABLE_CODE = YES;
				CLANG_WARN__DUPLICATE_METHOD_MATCH = YES;
				COPY_PHASE_STRIP = NO;
				DEBUG_INFORMATION_FORMAT = "dwarf-with-dsym";
				ENABLE_NS_ASSERTIONS = NO;
				ENABLE_STRICT_OBJC_MSGSEND = YES;
				GCC_C_LANGUAGE_STANDARD = gnu11;
				GCC_NO_COMMON_BLOCKS = YES;
				GCC_WARN_64_TO_32_BIT_CONVERSION = YES;
				GCC_WARN_ABOUT_RETURN_TYPE = YES_ERROR;
				GCC_WARN_UNDECLARED_SELECTOR = YES;
				GCC_WARN_UNINITIALIZED_AUTOS = YES_AGGRESSIVE;
				GCC_WARN_UNUSED_FUNCTION = YES;
				GCC_WARN_UNUSED_VARIABLE = YES;
				IPHONEOS_DEPLOYMENT_TARGET = 14.5;
				MTL_ENABLE_DEBUG_INFO = NO;
				MTL_FAST_MATH = YES;
				SDKROOT = iphoneos;
				SWIFT_COMPILATION_MODE = wholemodule;
				SWIFT_OPTIMIZATION_LEVEL = "-O";
				VALIDATE_PRODUCT = YES;
			};
			name = Release;
		};
		FA933F5F26B52AE80073403E /* Debug */ = {
			isa = XCBuildConfiguration;
			buildSettings = {
				ASSETCATALOG_COMPILER_APPICON_NAME = AppIcon;
				ASSETCATALOG_COMPILER_GLOBAL_ACCENT_COLOR_NAME = AccentColor;
				CODE_SIGN_STYLE = Automatic;
				DEVELOPMENT_TEAM = 64HW2Z4RAK;
				INFOPLIST_FILE = EnglishBook/Info.plist;
				LD_RUNPATH_SEARCH_PATHS = (
					"$(inherited)",
					"@executable_path/Frameworks",
				);
				PRODUCT_BUNDLE_IDENTIFIER = MIzvarin.EnglishBook;
				PRODUCT_NAME = "$(TARGET_NAME)";
				SWIFT_VERSION = 5.0;
				TARGETED_DEVICE_FAMILY = "1,2";
			};
			name = Debug;
		};
		FA933F6026B52AE80073403E /* Release */ = {
			isa = XCBuildConfiguration;
			buildSettings = {
				ASSETCATALOG_COMPILER_APPICON_NAME = AppIcon;
				ASSETCATALOG_COMPILER_GLOBAL_ACCENT_COLOR_NAME = AccentColor;
				CODE_SIGN_STYLE = Automatic;
				DEVELOPMENT_TEAM = 64HW2Z4RAK;
				INFOPLIST_FILE = EnglishBook/Info.plist;
				LD_RUNPATH_SEARCH_PATHS = (
					"$(inherited)",
					"@executable_path/Frameworks",
				);
				PRODUCT_BUNDLE_IDENTIFIER = MIzvarin.EnglishBook;
				PRODUCT_NAME = "$(TARGET_NAME)";
				SWIFT_VERSION = 5.0;
				TARGETED_DEVICE_FAMILY = "1,2";
			};
			name = Release;
		};
/* End XCBuildConfiguration section */

/* Begin XCConfigurationList section */
		FA933F4526B52AE70073403E /* Build configuration list for PBXProject "EnglishBook" */ = {
			isa = XCConfigurationList;
			buildConfigurations = (
				FA933F5C26B52AE80073403E /* Debug */,
				FA933F5D26B52AE80073403E /* Release */,
			);
			defaultConfigurationIsVisible = 0;
			defaultConfigurationName = Release;
		};
		FA933F5E26B52AE80073403E /* Build configuration list for PBXNativeTarget "EnglishBook" */ = {
			isa = XCConfigurationList;
			buildConfigurations = (
				FA933F5F26B52AE80073403E /* Debug */,
				FA933F6026B52AE80073403E /* Release */,
			);
			defaultConfigurationIsVisible = 0;
			defaultConfigurationName = Release;
		};
/* End XCConfigurationList section */
	};
	rootObject = FA933F4226B52AE70073403E /* Project object */;
}
